{
  "nodes": {
    "flake-utils": {
      "locked": {
        "lastModified": 1676283394,
        "narHash": "sha256-XX2f9c3iySLCw54rJ/CZs+ZK6IQy7GXNY4nSOyu2QG4=",
        "owner": "numtide",
        "repo": "flake-utils",
        "rev": "3db36a8b464d0c4532ba1c7dda728f4576d6d073",
        "type": "github"
      },
      "original": {
        "owner": "numtide",
        "repo": "flake-utils",
        "type": "github"
      }
    },
    "nixpkgs": {
      "flake": false,
      "locked": {
        "lastModified": 1662070361,
        "narHash": "sha256-EQh2Q1CMBjLHKUb3+PNL4DOhuoRn+SPaLrz87qlWjug=",
        "owner": "nixos",
        "repo": "nixpkgs",
        "rev": "e661714656aa2994b1202bae65330c54692c1ef1",
        "type": "github"
      },
      "original": {
        "owner": "nixos",
        "repo": "nixpkgs",
        "rev": "e661714656aa2994b1202bae65330c54692c1ef1",
        "type": "github"
      }
    },
    "root": {
      "inputs": {
        "flake-utils": "flake-utils",
        "nixpkgs": "nixpkgs"
      }
    }
  },
  "root": "root",
  "version": 7
}
